
Microsoft Visual Studio Solution File, Format Version 12.00
# Visual Studio Version 16
VisualStudioVersion = 16.0.31729.503
MinimumVisualStudioVersion = 10.0.40219.1
Project("{FAE04EC0-301F-11D3-BF4B-00C04F79EFBC}") = "Project-3", "Project-3\Project-3.csproj", "{B58E4BC7-77B6-4A05-B8E1-B9A893D274B6}"
EndProject
Global
	GlobalSection(SolutionConfigurationPlatforms) = preSolution
		Debug|Any CPU = Debug|Any CPU
		Release|Any CPU = Release|Any CPU
	EndGlobalSection
	GlobalSection(ProjectConfigurationPlatforms) = postSolution
		{B58E4BC7-77B6-4A05-B8E1-B9A893D274B6}.Debug|Any CPU.ActiveCfg = Debug|Any CPU
		{B58E4BC7-77B6-4A05-B8E1-B9A893D274B6}.Debug|Any CPU.Build.0 = Debug|Any CPU
		{B58E4BC7-77B6-4A05-B8E1-B9A893D274B6}.Release|Any CPU.ActiveCfg = Release|Any CPU
		{B58E4BC7-77B6-4A05-B8E1-B9A893D274B6}.Release|Any CPU.Build.0 = Release|Any CPU
	EndGlobalSection
	GlobalSection(SolutionProperties) = preSolution
		HideSolutionNode = FALSE
	EndGlobalSection
	GlobalSection(ExtensibilityGlobals) = postSolution
		SolutionGuid = {CD73C4C3-DDC5-46CA-ADE8-70209911ACBA}
	EndGlobalSection
EndGlobal
